// !$*UTF8*$!
{
	archiveVersion = 1;
	classes = {
	};
	objectVersion = 56;
	objects = {

/* Begin PBXBuildFile section */
		F30621BA2A1053C300A8EA8D /* LoginScreenApp.swift in Sources */ = {isa = PBXBuildFile; fileRef = F30621B92A1053C300A8EA8D /* LoginScreenApp.swift */; };
		F30621BC2A1053C300A8EA8D /* ContentView.swift in Sources */ = {isa = PBXBuildFile; fileRef = F30621BB2A1053C300A8EA8D /* ContentView.swift */; };
		F30621BE2A1053C400A8EA8D /* Assets.xcassets in Resources */ = {isa = PBXBuildFile; fileRef = F30621BD2A1053C400A8EA8D /* Assets.xcassets */; };
		F30621C12A1053C400A8EA8D /* Preview Assets.xcassets in Resources */ = {isa = PBXBuildFile; fileRef = F30621C02A1053C400A8EA8D /* Preview Assets.xcassets */; };
		F30621CB2A1053C400A8EA8D /* LoginScreenTests.swift in Sources */ = {isa = PBXBuildFile; fileRef = F30621CA2A1053C400A8EA8D /* LoginScreenTests.swift */; };
		F30621D52A1053C400A8EA8D /* LoginScreenUITests.swift in Sources */ = {isa = PBXBuildFile; fileRef = F30621D42A1053C400A8EA8D /* LoginScreenUITests.swift */; };
		F30621D72A1053C400A8EA8D /* LoginScreenUITestsLaunchTests.swift in Sources */ = {isa = PBXBuildFile; fileRef = F30621D62A1053C400A8EA8D /* LoginScreenUITestsLaunchTests.swift */; };
/* End PBXBuildFile section */

/* Begin PBXContainerItemProxy section */
		F30621C72A1053C400A8EA8D /* PBXContainerItemProxy */ = {
			isa = PBXContainerItemProxy;
			containerPortal = F30621AE2A1053C300A8EA8D /* Project object */;
			proxyType = 1;
			remoteGlobalIDString = F30621B52A1053C300A8EA8D;
			remoteInfo = LoginScreen;
		};
		F30621D12A1053C400A8EA8D /* PBXContainerItemProxy */ = {
			isa = PBXContainerItemProxy;
			containerPortal = F30621AE2A1053C300A8EA8D /* Project object */;
			proxyType = 1;
			remoteGlobalIDString = F30621B52A1053C300A8EA8D;
			remoteInfo = LoginScreen;
		};
/* End PBXContainerItemProxy section */

/* Begin PBXFileReference section */
		F30621B62A1053C300A8EA8D /* LoginScreen.app */ = {isa = PBXFileReference; explicitFileType = wrapper.application; includeInIndex = 0; path = LoginScreen.app; sourceTree = BUILT_PRODUCTS_DIR; };
		F30621B92A1053C300A8EA8D /* LoginScreenApp.swift */ = {isa = PBXFileReference; lastKnownFileType = sourcecode.swift; path = LoginScreenApp.swift; sourceTree = "<group>"; };
		F30621BB2A1053C300A8EA8D /* ContentView.swift */ = {isa = PBXFileReference; lastKnownFileType = sourcecode.swift; path = ContentView.swift; sourceTree = "<group>"; };
		F30621BD2A1053C400A8EA8D /* Assets.xcassets */ = {isa = PBXFileReference; lastKnownFileType = folder.assetcatalog; path = Assets.xcassets; sourceTree = "<group>"; };
		F30621C02A1053C400A8EA8D /* Preview Assets.xcassets */ = {isa = PBXFileReference; lastKnownFileType = folder.assetcatalog; path = "Preview Assets.xcassets"; sourceTree = "<group>"; };
		F30621C62A1053C400A8EA8D /* LoginScreenTests.xctest */ = {isa = PBXFileReference; explicitFileType = wrapper.cfbundle; includeInIndex = 0; path = LoginScreenTests.xctest; sourceTree = BUILT_PRODUCTS_DIR; };
		F30621CA2A1053C400A8EA8D /* LoginScreenTests.swift */ = {isa = PBXFileReference; lastKnownFileType = sourcecode.swift; path = LoginScreenTests.swift; sourceTree = "<group>"; };
		F30621D02A1053C400A8EA8D /* LoginScreenUITests.xctest */ = {isa = PBXFileReference; explicitFileType = wrapper.cfbundle; includeInIndex = 0; path = LoginScreenUITests.xctest; sourceTree = BUILT_PRODUCTS_DIR; };
		F30621D42A1053C400A8EA8D /* LoginScreenUITests.swift */ = {isa = PBXFileReference; lastKnownFileType = sourcecode.swift; path = LoginScreenUITests.swift; sourceTree = "<group>"; };
		F30621D62A1053C400A8EA8D /* LoginScreenUITestsLaunchTests.swift */ = {isa = PBXFileReference; lastKnownFileType = sourcecode.swift; path = LoginScreenUITestsLaunchTests.swift; sourceTree = "<group>"; };
/* End PBXFileReference section */

/* Begin PBXFrameworksBuildPhase section */
		F30621B32A1053C300A8EA8D /* Frameworks */ = {
			isa = PBXFrameworksBuildPhase;
			buildActionMask = 2147483647;
			files = (
			);
			runOnlyForDeploymentPostprocessing = 0;
		};
		F30621C32A1053C400A8EA8D /* Frameworks */ = {
			isa = PBXFrameworksBuildPhase;
			buildActionMask = 2147483647;
			files = (
			);
			runOnlyForDeploymentPostprocessing = 0;
		};
		F30621CD2A1053C400A8EA8D /* Frameworks */ = {
			isa = PBXFrameworksBuildPhase;
			buildActionMask = 2147483647;
			files = (
			);
			runOnlyForDeploymentPostprocessing = 0;
		};
/* End PBXFrameworksBuildPhase section */

/* Begin PBXGroup section */
		F30621AD2A1053C300A8EA8D = {
			isa = PBXGroup;
			children = (
				F30621B82A1053C300A8EA8D /* LoginScreen */,
				F30621C92A1053C400A8EA8D /* LoginScreenTests */,
				F30621D32A1053C400A8EA8D /* LoginScreenUITests */,
				F30621B72A1053C300A8EA8D /* Products */,
			);
			sourceTree = "<group>";
		};
		F30621B72A1053C300A8EA8D /* Products */ = {
			isa = PBXGroup;
			children = (
				F30621B62A1053C300A8EA8D /* LoginScreen.app */,
				F30621C62A1053C400A8EA8D /* LoginScreenTests.xctest */,
				F30621D02A1053C400A8EA8D /* LoginScreenUITests.xctest */,
			);
			name = Products;
			sourceTree = "<group>";
		};
		F30621B82A1053C300A8EA8D /* LoginScreen */ = {
			isa = PBXGroup;
			children = (
				F30621B92A1053C300A8EA8D /* LoginScreenApp.swift */,
				F30621BB2A1053C300A8EA8D /* ContentView.swift */,
				F30621BD2A1053C400A8EA8D /* Assets.xcassets */,
				F30621BF2A1053C400A8EA8D /* Preview Content */,
			);
			path = LoginScreen;
			sourceTree = "<group>";
		};
		F30621BF2A1053C400A8EA8D /* Preview Content */ = {
			isa = PBXGroup;
			children = (
				F30621C02A1053C400A8EA8D /* Preview Assets.xcassets */,
			);
			path = "Preview Content";
			sourceTree = "<group>";
		};
		F30621C92A1053C400A8EA8D /* LoginScreenTests */ = {
			isa = PBXGroup;
			children = (
				F30621CA2A1053C400A8EA8D /* LoginScreenTests.swift */,
			);
			path = LoginScreenTests;
			sourceTree = "<group>";
		};
		F30621D32A1053C400A8EA8D /* LoginScreenUITests */ = {
			isa = PBXGroup;
			children = (
				F30621D42A1053C400A8EA8D /* LoginScreenUITests.swift */,
				F30621D62A1053C400A8EA8D /* LoginScreenUITestsLaunchTests.swift */,
			);
			path = LoginScreenUITests;
			sourceTree = "<group>";
		};
/* End PBXGroup section */

/* Begin PBXNativeTarget section */
		F30621B52A1053C300A8EA8D /* LoginScreen */ = {
			isa = PBXNativeTarget;
			buildConfigurationList = F30621DA2A1053C400A8EA8D /* Build configuration list for PBXNativeTarget "LoginScreen" */;
			buildPhases = (
				F30621B22A1053C300A8EA8D /* Sources */,
				F30621B32A1053C300A8EA8D /* Frameworks */,
				F30621B42A1053C300A8EA8D /* Resources */,
			);
			buildRules = (
			);
			dependencies = (
			);
			name = LoginScreen;
			productName = LoginScreen;
			productReference = F30621B62A1053C300A8EA8D /* LoginScreen.app */;
			productType = "com.apple.product-type.application";
		};
		F30621C52A1053C400A8EA8D /* LoginScreenTests */ = {
			isa = PBXNativeTarget;
			buildConfigurationList = F30621DD2A1053C400A8EA8D /* Build configuration list for PBXNativeTarget "LoginScreenTests" */;
			buildPhases = (
				F30621C22A1053C400A8EA8D /* Sources */,
				F30621C32A1053C400A8EA8D /* Frameworks */,
				F30621C42A1053C400A8EA8D /* Resources */,
			);
			buildRules = (
			);
			dependencies = (
				F30621C82A1053C400A8EA8D /* PBXTargetDependency */,
			);
			name = LoginScreenTests;
			productName = LoginScreenTests;
			productReference = F30621C62A1053C400A8EA8D /* LoginScreenTests.xctest */;
			productType = "com.apple.product-type.bundle.unit-test";
		};
		F30621CF2A1053C400A8EA8D /* LoginScreenUITests */ = {
			isa = PBXNativeTarget;
			buildConfigurationList = F30621E02A1053C400A8EA8D /* Build configuration list for PBXNativeTarget "LoginScreenUITests" */;
			buildPhases = (
				F30621CC2A1053C400A8EA8D /* Sources */,
				F30621CD2A1053C400A8EA8D /* Frameworks */,
				F30621CE2A1053C400A8EA8D /* Resources */,
			);
			buildRules = (
			);
			dependencies = (
				F30621D22A1053C400A8EA8D /* PBXTargetDependency */,
			);
			name = LoginScreenUITests;
			productName = LoginScreenUITests;
			productReference = F30621D02A1053C400A8EA8D /* LoginScreenUITests.xctest */;
			productType = "com.apple.product-type.bundle.ui-testing";
		};
/* End PBXNativeTarget section */

/* Begin PBXProject section */
		F30621AE2A1053C300A8EA8D /* Project object */ = {
			isa = PBXProject;
			attributes = {
				BuildIndependentTargetsInParallel = 1;
				LastSwiftUpdateCheck = 1430;
				LastUpgradeCheck = 1430;
				TargetAttributes = {
					F30621B52A1053C300A8EA8D = {
						CreatedOnToolsVersion = 14.3;
					};
					F30621C52A1053C400A8EA8D = {
						CreatedOnToolsVersion = 14.3;
						TestTargetID = F30621B52A1053C300A8EA8D;
					};
					F30621CF2A1053C400A8EA8D = {
						CreatedOnToolsVersion = 14.3;
						TestTargetID = F30621B52A1053C300A8EA8D;
					};
				};
			};
			buildConfigurationList = F30621B12A1053C300A8EA8D /* Build configuration list for PBXProject "LoginScreen" */;
			compatibilityVersion = "Xcode 14.0";
			developmentRegion = en;
			hasScannedForEncodings = 0;
			knownRegions = (
				en,
				Base,
			);
			mainGroup = F30621AD2A1053C300A8EA8D;
			productRefGroup = F30621B72A1053C300A8EA8D /* Products */;
			projectDirPath = "";
			projectRoot = "";
			targets = (
				F30621B52A1053C300A8EA8D /* LoginScreen */,
				F30621C52A1053C400A8EA8D /* LoginScreenTests */,
				F30621CF2A1053C400A8EA8D /* LoginScreenUITests */,
			);
		};
/* End PBXProject section */

/* Begin PBXResourcesBuildPhase section */
		F30621B42A1053C300A8EA8D /* Resources */ = {
			isa = PBXResourcesBuildPhase;
			buildActionMask = 2147483647;
			files = (
				F30621C12A1053C400A8EA8D /* Preview Assets.xcassets in Resources */,
				F30621BE2A1053C400A8EA8D /* Assets.xcassets in Resources */,
			);
			runOnlyForDeploymentPostprocessing = 0;
		};
		F30621C42A1053C400A8EA8D /* Resources */ = {
			isa = PBXResourcesBuildPhase;
			buildActionMask = 2147483647;
			files = (
			);
			runOnlyForDeploymentPostprocessing = 0;
		};
		F30621CE2A1053C400A8EA8D /* Resources */ = {
			isa = PBXResourcesBuildPhase;
			buildActionMask = 2147483647;
			files = (
			);
			runOnlyForDeploymentPostprocessing = 0;
		};
/* End PBXResourcesBuildPhase section */

/* Begin PBXSourcesBuildPhase section */
		F30621B22A1053C300A8EA8D /* Sources */ = {
			isa = PBXSourcesBuildPhase;
			buildActionMask = 2147483647;
			files = (
				F30621BC2A1053C300A8EA8D /* ContentView.swift in Sources */,
				F30621BA2A1053C300A8EA8D /* LoginScreenApp.swift in Sources */,
			);
			runOnlyForDeploymentPostprocessing = 0;
		};
		F30621C22A1053C400A8EA8D /* Sources */ = {
			isa = PBXSourcesBuildPhase;
			buildActionMask = 2147483647;
			files = (
				F30621CB2A1053C400A8EA8D /* LoginScreenTests.swift in Sources */,
			);
			runOnlyForDeploymentPostprocessing = 0;
		};
		F30621CC2A1053C400A8EA8D /* Sources */ = {
			isa = PBXSourcesBuildPhase;
			buildActionMask = 2147483647;
			files = (
				F30621D72A1053C400A8EA8D /* LoginScreenUITestsLaunchTests.swift in Sources */,
				F30621D52A1053C400A8EA8D /* LoginScreenUITests.swift in Sources */,
			);
			runOnlyForDeploymentPostprocessing = 0;
		};
/* End PBXSourcesBuildPhase section */

/* Begin PBXTargetDependency section */
		F30621C82A1053C400A8EA8D /* PBXTargetDependency */ = {
			isa = PBXTargetDependency;
			target = F30621B52A1053C300A8EA8D /* LoginScreen */;
			targetProxy = F30621C72A1053C400A8EA8D /* PBXContainerItemProxy */;
		};
		F30621D22A1053C400A8EA8D /* PBXTargetDependency */ = {
			isa = PBXTargetDependency;
			target = F30621B52A1053C300A8EA8D /* LoginScreen */;
			targetProxy = F30621D12A1053C400A8EA8D /* PBXContainerItemProxy */;
		};
/* End PBXTargetDependency section */

/* Begin XCBuildConfiguration section */
		F30621D82A1053C400A8EA8D /* Debug */ = {
			isa = XCBuildConfiguration;
			buildSettings = {
				ALWAYS_SEARCH_USER_PATHS = NO;
				CLANG_ANALYZER_NONNULL = YES;
				CLANG_ANALYZER_NUMBER_OBJECT_CONVERSION = YES_AGGRESSIVE;
				CLANG_CXX_LANGUAGE_STANDARD = "gnu++20";
				CLANG_ENABLE_MODULES = YES;
				CLANG_ENABLE_OBJC_ARC = YES;
				CLANG_ENABLE_OBJC_WEAK = YES;
				CLANG_WARN_BLOCK_CAPTURE_AUTORELEASING = YES;
				CLANG_WARN_BOOL_CONVERSION = YES;
				CLANG_WARN_COMMA = YES;
				CLANG_WARN_CONSTANT_CONVERSION = YES;
				CLANG_WARN_DEPRECATED_OBJC_IMPLEMENTATIONS = YES;
				CLANG_WARN_DIRECT_OBJC_ISA_USAGE = YES_ERROR;
				CLANG_WARN_DOCUMENTATION_COMMENTS = YES;
				CLANG_WARN_EMPTY_BODY = YES;
				CLANG_WARN_ENUM_CONVERSION = YES;
				CLANG_WARN_INFINITE_RECURSION = YES;
				CLANG_WARN_INT_CONVERSION = YES;
				CLANG_WARN_NON_LITERAL_NULL_CONVERSION = YES;
				CLANG_WARN_OBJC_IMPLICIT_RETAIN_SELF = YES;
				CLANG_WARN_OBJC_LITERAL_CONVERSION = YES;
				CLANG_WARN_OBJC_ROOT_CLASS = YES_ERROR;
				CLANG_WARN_QUOTED_INCLUDE_IN_FRAMEWORK_HEADER = YES;
				CLANG_WARN_RANGE_LOOP_ANALYSIS = YES;
				CLANG_WARN_STRICT_PROTOTYPES = YES;
				CLANG_WARN_SUSPICIOUS_MOVE = YES;
				CLANG_WARN_UNGUARDED_AVAILABILITY = YES_AGGRESSIVE;
				CLANG_WARN_UNREACHABLE_CODE = YES;
				CLANG_WARN__DUPLICATE_METHOD_MATCH = YES;
				COPY_PHASE_STRIP = NO;
				DEBUG_INFORMATION_FORMAT = dwarf;
				ENABLE_STRICT_OBJC_MSGSEND = YES;
				ENABLE_TESTABILITY = YES;
				GCC_C_LANGUAGE_STANDARD = gnu11;
				GCC_DYNAMIC_NO_PIC = NO;
				GCC_NO_COMMON_BLOCKS = YES;
				GCC_OPTIMIZATION_LEVEL = 0;
				GCC_PREPROCESSOR_DEFINITIONS = (
					"DEBUG=1",
					"$(inherited)",
				);
				GCC_WARN_64_TO_32_BIT_CONVERSION = YES;
				GCC_WARN_ABOUT_RETURN_TYPE = YES_ERROR;
				GCC_WARN_UNDECLARED_SELECTOR = YES;
				GCC_WARN_UNINITIALIZED_AUTOS = YES_AGGRESSIVE;
				GCC_WARN_UNUSED_FUNCTION = YES;
				GCC_WARN_UNUSED_VARIABLE = YES;
				IPHONEOS_DEPLOYMENT_TARGET = 16.4;
				MTL_ENABLE_DEBUG_INFO = INCLUDE_SOURCE;
				MTL_FAST_MATH = YES;
				ONLY_ACTIVE_ARCH = YES;
				SDKROOT = iphoneos;
				SWIFT_ACTIVE_COMPILATION_CONDITIONS = DEBUG;
				SWIFT_OPTIMIZATION_LEVEL = "-Onone";
			};
			name = Debug;
		};
		F30621D92A1053C400A8EA8D /* Release */ = {
			isa = XCBuildConfiguration;
			buildSettings = {
				ALWAYS_SEARCH_USER_PATHS = NO;
				CLANG_ANALYZER_NONNULL = YES;
				CLANG_ANALYZER_NUMBER_OBJECT_CONVERSION = YES_AGGRESSIVE;
				CLANG_CXX_LANGUAGE_STANDARD = "gnu++20";
				CLANG_ENABLE_MODULES = YES;
				CLANG_ENABLE_OBJC_ARC = YES;
				CLANG_ENABLE_OBJC_WEAK = YES;
				CLANG_WARN_BLOCK_CAPTURE_AUTORELEASING = YES;
				CLANG_WARN_BOOL_CONVERSION = YES;
				CLANG_WARN_COMMA = YES;
				CLANG_WARN_CONSTANT_CONVERSION = YES;
				CLANG_WARN_DEPRECATED_OBJC_IMPLEMENTATIONS = YES;
				CLANG_WARN_DIRECT_OBJC_ISA_USAGE = YES_ERROR;
				CLANG_WARN_DOCUMENTATION_COMMENTS = YES;
				CLANG_WARN_EMPTY_BODY = YES;
				CLANG_WARN_ENUM_CONVERSION = YES;
				CLANG_WARN_INFINITE_RECURSION = YES;
				CLANG_WARN_INT_CONVERSION = YES;
				CLANG_WARN_NON_LITERAL_NULL_CONVERSION = YES;
				CLANG_WARN_OBJC_IMPLICIT_RETAIN_SELF = YES;
				CLANG_WARN_OBJC_LITERAL_CONVERSION = YES;
				CLANG_WARN_OBJC_ROOT_CLASS = YES_ERROR;
				CLANG_WARN_QUOTED_INCLUDE_IN_FRAMEWORK_HEADER = YES;
				CLANG_WARN_RANGE_LOOP_ANALYSIS = YES;
				CLANG_WARN_STRICT_PROTOTYPES = YES;
				CLANG_WARN_SUSPICIOUS_MOVE = YES;
				CLANG_WARN_UNGUARDED_AVAILABILITY = YES_AGGRESSIVE;
				CLANG_WARN_UNREACHABLE_CODE = YES;
				CLANG_WARN__DUPLICATE_METHOD_MATCH = YES;
				COPY_PHASE_STRIP = NO;
				DEBUG_INFORMATION_FORMAT = "dwarf-with-dsym";
				ENABLE_NS_ASSERTIONS = NO;
				ENABLE_STRICT_OBJC_MSGSEND = YES;
				GCC_C_LANGUAGE_STANDARD = gnu11;
				GCC_NO_COMMON_BLOCKS = YES;
				GCC_WARN_64_TO_32_BIT_CONVERSION = YES;
				GCC_WARN_ABOUT_RETURN_TYPE = YES_ERROR;
				GCC_WARN_UNDECLARED_SELECTOR = YES;
				GCC_WARN_UNINITIALIZED_AUTOS = YES_AGGRESSIVE;
				GCC_WARN_UNUSED_FUNCTION = YES;
				GCC_WARN_UNUSED_VARIABLE = YES;
				IPHONEOS_DEPLOYMENT_TARGET = 16.4;
				MTL_ENABLE_DEBUG_INFO = NO;
				MTL_FAST_MATH = YES;
				SDKROOT = iphoneos;
				SWIFT_COMPILATION_MODE = wholemodule;
				SWIFT_OPTIMIZATION_LEVEL = "-O";
				VALIDATE_PRODUCT = YES;
			};
			name = Release;
		};
		F30621DB2A1053C400A8EA8D /* Debug */ = {
			isa = XCBuildConfiguration;
			buildSettings = {
				ASSETCATALOG_COMPILER_APPICON_NAME = AppIcon;
				ASSETCATALOG_COMPILER_GLOBAL_ACCENT_COLOR_NAME = AccentColor;
				CODE_SIGN_STYLE = Automatic;
				CURRENT_PROJECT_VERSION = 1;
				DEVELOPMENT_ASSET_PATHS = "\"LoginScreen/Preview Content\"";
				ENABLE_PREVIEWS = YES;
				GENERATE_INFOPLIST_FILE = YES;
				INFOPLIST_KEY_UIApplicationSceneManifest_Generation = YES;
				INFOPLIST_KEY_UIApplicationSupportsIndirectInputEvents = YES;
				INFOPLIST_KEY_UILaunchScreen_Generation = YES;
				INFOPLIST_KEY_UISupportedInterfaceOrientations_iPad = "UIInterfaceOrientationPortrait UIInterfaceOrientationPortraitUpsideDown UIInterfaceOrientationLandscapeLeft UIInterfaceOrientationLandscapeRight";
				INFOPLIST_KEY_UISupportedInterfaceOrientations_iPhone = "UIInterfaceOrientationPortrait UIInterfaceOrientationLandscapeLeft UIInterfaceOrientationLandscapeRight";
				LD_RUNPATH_SEARCH_PATHS = (
					"$(inherited)",
					"@executable_path/Frameworks",
				);
				MARKETING_VERSION = 1.0;
				PRODUCT_BUNDLE_IDENTIFIER = maydgn.LoginScreen;
				PRODUCT_NAME = "$(TARGET_NAME)";
				SWIFT_EMIT_LOC_STRINGS = YES;
				SWIFT_VERSION = 5.0;
				TARGETED_DEVICE_FAMILY = "1,2";
			};
			name = Debug;
		};
		F30621DC2A1053C400A8EA8D /* Release */ = {
			isa = XCBuildConfiguration;
			buildSettings = {
				ASSETCATALOG_COMPILER_APPICON_NAME = AppIcon;
				ASSETCATALOG_COMPILER_GLOBAL_ACCENT_COLOR_NAME = AccentColor;
				CODE_SIGN_STYLE = Automatic;
				CURRENT_PROJECT_VERSION = 1;
				DEVELOPMENT_ASSET_PATHS = "\"LoginScreen/Preview Content\"";
				ENABLE_PREVIEWS = YES;
				GENERATE_INFOPLIST_FILE = YES;
				INFOPLIST_KEY_UIApplicationSceneManifest_Generation = YES;
				INFOPLIST_KEY_UIApplicationSupportsIndirectInputEvents = YES;
				INFOPLIST_KEY_UILaunchScreen_Generation = YES;
				INFOPLIST_KEY_UISupportedInterfaceOrientations_iPad = "UIInterfaceOrientationPortrait UIInterfaceOrientationPortraitUpsideDown UIInterfaceOrientationLandscapeLeft UIInterfaceOrientationLandscapeRight";
				INFOPLIST_KEY_UISupportedInterfaceOrientations_iPhone = "UIInterfaceOrientationPortrait UIInterfaceOrientationLandscapeLeft UIInterfaceOrientationLandscapeRight";
				LD_RUNPATH_SEARCH_PATHS = (
					"$(inherited)",
					"@executable_path/Frameworks",
				);
				MARKETING_VERSION = 1.0;
				PRODUCT_BUNDLE_IDENTIFIER = maydgn.LoginScreen;
				PRODUCT_NAME = "$(TARGET_NAME)";
				SWIFT_EMIT_LOC_STRINGS = YES;
				SWIFT_VERSION = 5.0;
				TARGETED_DEVICE_FAMILY = "1,2";
			};
			name = Release;
		};
		F30621DE2A1053C400A8EA8D /* Debug */ = {
			isa = XCBuildConfiguration;
			buildSettings = {
				ALWAYS_EMBED_SWIFT_STANDARD_LIBRARIES = YES;
				BUNDLE_LOADER = "$(TEST_HOST)";
				CODE_SIGN_STYLE = Automatic;
				CURRENT_PROJECT_VERSION = 1;
				GENERATE_INFOPLIST_FILE = YES;
				IPHONEOS_DEPLOYMENT_TARGET = 16.4;
				MARKETING_VERSION = 1.0;
				PRODUCT_BUNDLE_IDENTIFIER = maydgn.LoginScreenTests;
				PRODUCT_NAME = "$(TARGET_NAME)";
				SWIFT_EMIT_LOC_STRINGS = NO;
				SWIFT_VERSION = 5.0;
				TARGETED_DEVICE_FAMILY = "1,2";
				TEST_HOST = "$(BUILT_PRODUCTS_DIR)/LoginScreen.app/$(BUNDLE_EXECUTABLE_FOLDER_PATH)/LoginScreen";
			};
			name = Debug;
		};
		F30621DF2A1053C400A8EA8D /* Release */ = {
			isa = XCBuildConfiguration;
			buildSettings = {
				ALWAYS_EMBED_SWIFT_STANDARD_LIBRARIES = YES;
				BUNDLE_LOADER = "$(TEST_HOST)";
				CODE_SIGN_STYLE = Automatic;
				CURRENT_PROJECT_VERSION = 1;
				GENERATE_INFOPLIST_FILE = YES;
				IPHONEOS_DEPLOYMENT_TARGET = 16.4;
				MARKETING_VERSION = 1.0;
				PRODUCT_BUNDLE_IDENTIFIER = maydgn.LoginScreenTests;
				PRODUCT_NAME = "$(TARGET_NAME)";
				SWIFT_EMIT_LOC_STRINGS = NO;
				SWIFT_VERSION = 5.0;
				TARGETED_DEVICE_FAMILY = "1,2";
				TEST_HOST = "$(BUILT_PRODUCTS_DIR)/LoginScreen.app/$(BUNDLE_EXECUTABLE_FOLDER_PATH)/LoginScreen";
			};
			name = Release;
		};
		F30621E12A1053C400A8EA8D /* Debug */ = {
			isa = XCBuildConfiguration;
			buildSettings = {
				ALWAYS_EMBED_SWIFT_STANDARD_LIBRARIES = YES;
				CODE_SIGN_STYLE = Automatic;
				CURRENT_PROJECT_VERSION = 1;
				GENERATE_INFOPLIST_FILE = YES;
				MARKETING_VERSION = 1.0;
				PRODUCT_BUNDLE_IDENTIFIER = maydgn.LoginScreenUITests;
				PRODUCT_NAME = "$(TARGET_NAME)";
				SWIFT_EMIT_LOC_STRINGS = NO;
				SWIFT_VERSION = 5.0;
				TARGETED_DEVICE_FAMILY = "1,2";
				TEST_TARGET_NAME = LoginScreen;
			};
			name = Debug;
		};
		F30621E22A1053C400A8EA8D /* Release */ = {
			isa = XCBuildConfiguration;
			buildSettings = {
				ALWAYS_EMBED_SWIFT_STANDARD_LIBRARIES = YES;
				CODE_SIGN_STYLE = Automatic;
				CURRENT_PROJECT_VERSION = 1;
				GENERATE_INFOPLIST_FILE = YES;
				MARKETING_VERSION = 1.0;
				PRODUCT_BUNDLE_IDENTIFIER = maydgn.LoginScreenUITests;
				PRODUCT_NAME = "$(TARGET_NAME)";
				SWIFT_EMIT_LOC_STRINGS = NO;
				SWIFT_VERSION = 5.0;
				TARGETED_DEVICE_FAMILY = "1,2";
				TEST_TARGET_NAME = LoginScreen;
			};
			name = Release;
		};
/* End XCBuildConfiguration section */

/* Begin XCConfigurationList section */
		F30621B12A1053C300A8EA8D /* Build configuration list for PBXProject "LoginScreen" */ = {
			isa = XCConfigurationList;
			buildConfigurations = (
				F30621D82A1053C400A8EA8D /* Debug */,
				F30621D92A1053C400A8EA8D /* Release */,
			);
			defaultConfigurationIsVisible = 0;
			defaultConfigurationName = Release;
		};
		F30621DA2A1053C400A8EA8D /* Build configuration list for PBXNativeTarget "LoginScreen" */ = {
			isa = XCConfigurationList;
			buildConfigurations = (
				F30621DB2A1053C400A8EA8D /* Debug */,
				F30621DC2A1053C400A8EA8D /* Release */,
			);
			defaultConfigurationIsVisible = 0;
			defaultConfigurationName = Release;
		};
		F30621DD2A1053C400A8EA8D /* Build configuration list for PBXNativeTarget "LoginScreenTests" */ = {
			isa = XCConfigurationList;
			buildConfigurations = (
				F30621DE2A1053C400A8EA8D /* Debug */,
				F30621DF2A1053C400A8EA8D /* Release */,
			);
			defaultConfigurationIsVisible = 0;
			defaultConfigurationName = Release;
		};
		F30621E02A1053C400A8EA8D /* Build configuration list for PBXNativeTarget "LoginScreenUITests" */ = {
			isa = XCConfigurationList;
			buildConfigurations = (
				F30621E12A1053C400A8EA8D /* Debug */,
				F30621E22A1053C400A8EA8D /* Release */,
			);
			defaultConfigurationIsVisible = 0;
			defaultConfigurationName = Release;
		};
/* End XCConfigurationList section */
	};
	rootObject = F30621AE2A1053C300A8EA8D /* Project object */;
}
